
Microsoft Visual Studio Solution File, Format Version 12.00
# Visual Studio Version 17
VisualStudioVersion = 17.14.36915.13 d17.14
MinimumVisualStudioVersion = 10.0.40219.1
Project("{FAE04EC0-301F-11D3-BF4B-00C04F79EFBC}") = "hada-p2", "hada-p2\hada-p2.csproj", "{611F95A7-D587-41CD-BC7D-02C8BAC9B5E3}"
EndProject
Global
	GlobalSection(SolutionConfigurationPlatforms) = preSolution
		Debug|Any CPU = Debug|Any CPU
		Release|Any CPU = Release|Any CPU
	EndGlobalSection
	GlobalSection(ProjectConfigurationPlatforms) = postSolution
		{611F95A7-D587-41CD-BC7D-02C8BAC9B5E3}.Debug|Any CPU.ActiveCfg = Debug|Any CPU
		{611F95A7-D587-41CD-BC7D-02C8BAC9B5E3}.Debug|Any CPU.Build.0 = Debug|Any CPU
		{611F95A7-D587-41CD-BC7D-02C8BAC9B5E3}.Release|Any CPU.ActiveCfg = Release|Any CPU
		{611F95A7-D587-41CD-BC7D-02C8BAC9B5E3}.Release|Any CPU.Build.0 = Release|Any CPU
	EndGlobalSection
	GlobalSection(SolutionProperties) = preSolution
		HideSolutionNode = FALSE
	EndGlobalSection
	GlobalSection(ExtensibilityGlobals) = postSolution
		SolutionGuid = {CE454FB9-5B1D-4503-9114-BE2CA23B9CAF}
	EndGlobalSection
EndGlobal
